
Microsoft Visual Studio Solution File, Format Version 12.00
# Visual Studio Version 17
VisualStudioVersion = 17.4.33103.184
MinimumVisualStudioVersion = 10.0.40219.1
Project("{2150E333-8FDC-42A3-9474-1A3956D46DE8}") = "source", "source", "{1E6CCF02-8AC5-4FFB-8E88-FFD4121A6CD4}"
EndProject
Project("{9A19103F-16F7-4668-BE54-9A1E7A4F7556}") = "TaskDesk.Domain", "source\TaskDesk.Domain\TaskDesk.Domain.csproj", "{7B3E6858-C0DD-4AFC-AF11-DCEDCC3EDD4D}"
EndProject
Project("{9A19103F-16F7-4668-BE54-9A1E7A4F7556}") = "TaskDesk.Migrations", "source\TaskDesk.Migrations\TaskDesk.Migrations.csproj", "{3E812965-E668-422A-AF13-23B7288CD03D}"
EndProject
Project("{9A19103F-16F7-4668-BE54-9A1E7A4F7556}") = "TaskDesk.Shared", "source\TaskDesk.Shared\TaskDesk.Shared.csproj", "{339C3B7E-DBA8-4818-BCC4-78D73D850190}"
EndProject
Project("{9A19103F-16F7-4668-BE54-9A1E7A4F7556}") = "TaskDesk.Google.Auth.API", "source\TaskDesk.Google.Auth.API\TaskDesk.Google.Auth.API.csproj", "{5BBD026B-A6AD-4C4C-BEFF-5606BFD35E85}"
EndProject
Project("{9A19103F-16F7-4668-BE54-9A1E7A4F7556}") = "TaskDesk.Identity", "source\TaskDesk.Identity\TaskDesk.Identity.csproj", "{78D4B44B-9AE1-44D0-ABBB-922CEEE5AFBF}"
EndProject
Project("{2150E333-8FDC-42A3-9474-1A3956D46DE8}") = "testing", "testing", "{CC2F5528-3D41-4AF9-8A1B-E75A4CC20721}"
EndProject
Project("{9A19103F-16F7-4668-BE54-9A1E7A4F7556}") = "TaskDesk.Identity.Tests", "testing\TaskDesk.Identity.Tests\TaskDesk.Identity.Tests.csproj", "{7C5DA4AF-8E71-467E-8623-134F2B0DF89A}"
EndProject
Project("{9A19103F-16F7-4668-BE54-9A1E7A4F7556}") = "TaskDesk.Management.API", "source\TaskDesk.Management.API\TaskDesk.Management.API.csproj", "{6C450916-1A38-4CF9-ADB3-61E6B079D64C}"
EndProject
Project("{E53339B2-1760-4266-BCC7-CA923CBCF16C}") = "docker-compose", "docker-compose.dcproj", "{79FD197A-D54D-4A69-9C4F-D1012956874A}"
EndProject
Project("{9A19103F-16F7-4668-BE54-9A1E7A4F7556}") = "TaskDesk.Management.Blazor", "source\TaskDesk.Management.Blazor\TaskDesk.Management.Blazor.csproj", "{B4B9F254-F0DB-4C58-B50B-C246A5FEA1BA}"
EndProject
Project("{9A19103F-16F7-4668-BE54-9A1E7A4F7556}") = "TaskDesk.SharedModel", "source\TaskDesk.SharedModel\TaskDesk.SharedModel.csproj", "{9ADF4A92-F046-4794-99D4-0AC95F2FEF5A}"
EndProject
Project("{9A19103F-16F7-4668-BE54-9A1E7A4F7556}") = "TaskDesk.Management", "source\TaskDesk.Management\TaskDesk.Management.csproj", "{DB1A052C-5A8C-49D0-ADED-D4E320FA30B8}"
EndProject
Project("{9A19103F-16F7-4668-BE54-9A1E7A4F7556}") = "TaskDesk.Management.Tests", "testing\TaskDesk.Management.Tests\TaskDesk.Management.Tests.csproj", "{D5BC356C-20A4-423D-9A84-D6AAE764587A}"
EndProject
Project("{FAE04EC0-301F-11D3-BF4B-00C04F79EFBC}") = "TaskDesk.Management.Blazor.Core", "source\TaskDesk.Management.Blazor.Core\TaskDesk.Management.Blazor.Core.csproj", "{1B5417B1-1DBF-4D4C-9204-CE3C25D3D54B}"
EndProject
Global
	GlobalSection(SolutionConfigurationPlatforms) = preSolution
		Debug|Any CPU = Debug|Any CPU
		Release|Any CPU = Release|Any CPU
	EndGlobalSection
	GlobalSection(ProjectConfigurationPlatforms) = postSolution
		{7B3E6858-C0DD-4AFC-AF11-DCEDCC3EDD4D}.Debug|Any CPU.ActiveCfg = Debug|Any CPU
		{7B3E6858-C0DD-4AFC-AF11-DCEDCC3EDD4D}.Debug|Any CPU.Build.0 = Debug|Any CPU
		{7B3E6858-C0DD-4AFC-AF11-DCEDCC3EDD4D}.Release|Any CPU.ActiveCfg = Release|Any CPU
		{7B3E6858-C0DD-4AFC-AF11-DCEDCC3EDD4D}.Release|Any CPU.Build.0 = Release|Any CPU
		{3E812965-E668-422A-AF13-23B7288CD03D}.Debug|Any CPU.ActiveCfg = Debug|Any CPU
		{3E812965-E668-422A-AF13-23B7288CD03D}.Debug|Any CPU.Build.0 = Debug|Any CPU
		{3E812965-E668-422A-AF13-23B7288CD03D}.Release|Any CPU.ActiveCfg = Release|Any CPU
		{3E812965-E668-422A-AF13-23B7288CD03D}.Release|Any CPU.Build.0 = Release|Any CPU
		{339C3B7E-DBA8-4818-BCC4-78D73D850190}.Debug|Any CPU.ActiveCfg = Debug|Any CPU
		{339C3B7E-DBA8-4818-BCC4-78D73D850190}.Debug|Any CPU.Build.0 = Debug|Any CPU
		{339C3B7E-DBA8-4818-BCC4-78D73D850190}.Release|Any CPU.ActiveCfg = Release|Any CPU
		{339C3B7E-DBA8-4818-BCC4-78D73D850190}.Release|Any CPU.Build.0 = Release|Any CPU
		{5BBD026B-A6AD-4C4C-BEFF-5606BFD35E85}.Debug|Any CPU.ActiveCfg = Debug|Any CPU
		{5BBD026B-A6AD-4C4C-BEFF-5606BFD35E85}.Debug|Any CPU.Build.0 = Debug|Any CPU
		{5BBD026B-A6AD-4C4C-BEFF-5606BFD35E85}.Release|Any CPU.ActiveCfg = Release|Any CPU
		{5BBD026B-A6AD-4C4C-BEFF-5606BFD35E85}.Release|Any CPU.Build.0 = Release|Any CPU
		{78D4B44B-9AE1-44D0-ABBB-922CEEE5AFBF}.Debug|Any CPU.ActiveCfg = Debug|Any CPU
		{78D4B44B-9AE1-44D0-ABBB-922CEEE5AFBF}.Debug|Any CPU.Build.0 = Debug|Any CPU
		{78D4B44B-9AE1-44D0-ABBB-922CEEE5AFBF}.Release|Any CPU.ActiveCfg = Release|Any CPU
		{78D4B44B-9AE1-44D0-ABBB-922CEEE5AFBF}.Release|Any CPU.Build.0 = Release|Any CPU
		{7C5DA4AF-8E71-467E-8623-134F2B0DF89A}.Debug|Any CPU.ActiveCfg = Debug|Any CPU
		{7C5DA4AF-8E71-467E-8623-134F2B0DF89A}.Debug|Any CPU.Build.0 = Debug|Any CPU
		{7C5DA4AF-8E71-467E-8623-134F2B0DF89A}.Release|Any CPU.ActiveCfg = Release|Any CPU
		{7C5DA4AF-8E71-467E-8623-134F2B0DF89A}.Release|Any CPU.Build.0 = Release|Any CPU
		{6C450916-1A38-4CF9-ADB3-61E6B079D64C}.Debug|Any CPU.ActiveCfg = Debug|Any CPU
		{6C450916-1A38-4CF9-ADB3-61E6B079D64C}.Debug|Any CPU.Build.0 = Debug|Any CPU
		{6C450916-1A38-4CF9-ADB3-61E6B079D64C}.Release|Any CPU.ActiveCfg = Release|Any CPU
		{6C450916-1A38-4CF9-ADB3-61E6B079D64C}.Release|Any CPU.Build.0 = Release|Any CPU
		{79FD197A-D54D-4A69-9C4F-D1012956874A}.Debug|Any CPU.ActiveCfg = Debug|Any CPU
		{79FD197A-D54D-4A69-9C4F-D1012956874A}.Debug|Any CPU.Build.0 = Debug|Any CPU
		{79FD197A-D54D-4A69-9C4F-D1012956874A}.Release|Any CPU.ActiveCfg = Release|Any CPU
		{79FD197A-D54D-4A69-9C4F-D1012956874A}.Release|Any CPU.Build.0 = Release|Any CPU
		{B4B9F254-F0DB-4C58-B50B-C246A5FEA1BA}.Debug|Any CPU.ActiveCfg = Debug|Any CPU
		{B4B9F254-F0DB-4C58-B50B-C246A5FEA1BA}.Debug|Any CPU.Build.0 = Debug|Any CPU
		{B4B9F254-F0DB-4C58-B50B-C246A5FEA1BA}.Release|Any CPU.ActiveCfg = Release|Any CPU
		{B4B9F254-F0DB-4C58-B50B-C246A5FEA1BA}.Release|Any CPU.Build.0 = Release|Any CPU
		{9ADF4A92-F046-4794-99D4-0AC95F2FEF5A}.Debug|Any CPU.ActiveCfg = Debug|Any CPU
		{9ADF4A92-F046-4794-99D4-0AC95F2FEF5A}.Debug|Any CPU.Build.0 = Debug|Any CPU
		{9ADF4A92-F046-4794-99D4-0AC95F2FEF5A}.Release|Any CPU.ActiveCfg = Release|Any CPU
		{9ADF4A92-F046-4794-99D4-0AC95F2FEF5A}.Release|Any CPU.Build.0 = Release|Any CPU
		{DB1A052C-5A8C-49D0-ADED-D4E320FA30B8}.Debug|Any CPU.ActiveCfg = Debug|Any CPU
		{DB1A052C-5A8C-49D0-ADED-D4E320FA30B8}.Debug|Any CPU.Build.0 = Debug|Any CPU
		{DB1A052C-5A8C-49D0-ADED-D4E320FA30B8}.Release|Any CPU.ActiveCfg = Release|Any CPU
		{DB1A052C-5A8C-49D0-ADED-D4E320FA30B8}.Release|Any CPU.Build.0 = Release|Any CPU
		{D5BC356C-20A4-423D-9A84-D6AAE764587A}.Debug|Any CPU.ActiveCfg = Debug|Any CPU
		{D5BC356C-20A4-423D-9A84-D6AAE764587A}.Debug|Any CPU.Build.0 = Debug|Any CPU
		{D5BC356C-20A4-423D-9A84-D6AAE764587A}.Release|Any CPU.ActiveCfg = Release|Any CPU
		{D5BC356C-20A4-423D-9A84-D6AAE764587A}.Release|Any CPU.Build.0 = Release|Any CPU
		{1B5417B1-1DBF-4D4C-9204-CE3C25D3D54B}.Debug|Any CPU.ActiveCfg = Debug|Any CPU
		{1B5417B1-1DBF-4D4C-9204-CE3C25D3D54B}.Debug|Any CPU.Build.0 = Debug|Any CPU
		{1B5417B1-1DBF-4D4C-9204-CE3C25D3D54B}.Release|Any CPU.ActiveCfg = Release|Any CPU
		{1B5417B1-1DBF-4D4C-9204-CE3C25D3D54B}.Release|Any CPU.Build.0 = Release|Any CPU
	EndGlobalSection
	GlobalSection(SolutionProperties) = preSolution
		HideSolutionNode = FALSE
	EndGlobalSection
	GlobalSection(NestedProjects) = preSolution
		{7B3E6858-C0DD-4AFC-AF11-DCEDCC3EDD4D} = {1E6CCF02-8AC5-4FFB-8E88-FFD4121A6CD4}
		{3E812965-E668-422A-AF13-23B7288CD03D} = {1E6CCF02-8AC5-4FFB-8E88-FFD4121A6CD4}
		{339C3B7E-DBA8-4818-BCC4-78D73D850190} = {1E6CCF02-8AC5-4FFB-8E88-FFD4121A6CD4}
		{5BBD026B-A6AD-4C4C-BEFF-5606BFD35E85} = {1E6CCF02-8AC5-4FFB-8E88-FFD4121A6CD4}
		{78D4B44B-9AE1-44D0-ABBB-922CEEE5AFBF} = {1E6CCF02-8AC5-4FFB-8E88-FFD4121A6CD4}
		{7C5DA4AF-8E71-467E-8623-134F2B0DF89A} = {CC2F5528-3D41-4AF9-8A1B-E75A4CC20721}
		{6C450916-1A38-4CF9-ADB3-61E6B079D64C} = {1E6CCF02-8AC5-4FFB-8E88-FFD4121A6CD4}
		{B4B9F254-F0DB-4C58-B50B-C246A5FEA1BA} = {1E6CCF02-8AC5-4FFB-8E88-FFD4121A6CD4}
		{9ADF4A92-F046-4794-99D4-0AC95F2FEF5A} = {1E6CCF02-8AC5-4FFB-8E88-FFD4121A6CD4}
		{DB1A052C-5A8C-49D0-ADED-D4E320FA30B8} = {1E6CCF02-8AC5-4FFB-8E88-FFD4121A6CD4}
		{D5BC356C-20A4-423D-9A84-D6AAE764587A} = {CC2F5528-3D41-4AF9-8A1B-E75A4CC20721}
		{1B5417B1-1DBF-4D4C-9204-CE3C25D3D54B} = {1E6CCF02-8AC5-4FFB-8E88-FFD4121A6CD4}
	EndGlobalSection
	GlobalSection(ExtensibilityGlobals) = postSolution
		SolutionGuid = {3A035798-578B-4D25-BC6E-9CFD07C4529E}
	EndGlobalSection
EndGlobal
