
Microsoft Visual Studio Solution File, Format Version 12.00
# Visual Studio Version 17
VisualStudioVersion = 17.4.33103.184
MinimumVisualStudioVersion = 10.0.40219.1
Project("{2150E333-8FDC-42A3-9474-1A3956D46DE8}") = "source", "source", "{1E6CCF02-8AC5-4FFB-8E88-FFD4121A6CD4}"
EndProject
Project("{9A19103F-16F7-4668-BE54-9A1E7A4F7556}") = "TaskDesk.Domain", "source\TaskDesk.Domain\TaskDesk.Domain.csproj", "{7B3E6858-C0DD-4AFC-AF11-DCEDCC3EDD4D}"
EndProject
Project("{9A19103F-16F7-4668-BE54-9A1E7A4F7556}") = "TaskDesk.Migrations", "source\TaskDesk.Migrations\TaskDesk.Migrations.csproj", "{3E812965-E668-422A-AF13-23B7288CD03D}"
EndProject
Project("{9A19103F-16F7-4668-BE54-9A1E7A4F7556}") = "TaskDesk.Shared", "source\TaskDesk.Shared\TaskDesk.Shared.csproj", "{339C3B7E-DBA8-4818-BCC4-78D73D850190}"
EndProject
Project("{FAE04EC0-301F-11D3-BF4B-00C04F79EFBC}") = "TaskDesk.Google.Auth.API", "source\TaskDesk.Google.Auth.API\TaskDesk.Google.Auth.API.csproj", "{5BBD026B-A6AD-4C4C-BEFF-5606BFD35E85}"
EndProject
Project("{FAE04EC0-301F-11D3-BF4B-00C04F79EFBC}") = "TaskDesk.Identity", "source\TaskDesk.Identity\TaskDesk.Identity.csproj", "{78D4B44B-9AE1-44D0-ABBB-922CEEE5AFBF}"
EndProject
Global
	GlobalSection(SolutionConfigurationPlatforms) = preSolution
		Debug|Any CPU = Debug|Any CPU
		Release|Any CPU = Release|Any CPU
	EndGlobalSection
	GlobalSection(ProjectConfigurationPlatforms) = postSolution
		{7B3E6858-C0DD-4AFC-AF11-DCEDCC3EDD4D}.Debug|Any CPU.ActiveCfg = Debug|Any CPU
		{7B3E6858-C0DD-4AFC-AF11-DCEDCC3EDD4D}.Debug|Any CPU.Build.0 = Debug|Any CPU
		{7B3E6858-C0DD-4AFC-AF11-DCEDCC3EDD4D}.Release|Any CPU.ActiveCfg = Release|Any CPU
		{7B3E6858-C0DD-4AFC-AF11-DCEDCC3EDD4D}.Release|Any CPU.Build.0 = Release|Any CPU
		{3E812965-E668-422A-AF13-23B7288CD03D}.Debug|Any CPU.ActiveCfg = Debug|Any CPU
		{3E812965-E668-422A-AF13-23B7288CD03D}.Debug|Any CPU.Build.0 = Debug|Any CPU
		{3E812965-E668-422A-AF13-23B7288CD03D}.Release|Any CPU.ActiveCfg = Release|Any CPU
		{3E812965-E668-422A-AF13-23B7288CD03D}.Release|Any CPU.Build.0 = Release|Any CPU
		{339C3B7E-DBA8-4818-BCC4-78D73D850190}.Debug|Any CPU.ActiveCfg = Debug|Any CPU
		{339C3B7E-DBA8-4818-BCC4-78D73D850190}.Debug|Any CPU.Build.0 = Debug|Any CPU
		{339C3B7E-DBA8-4818-BCC4-78D73D850190}.Release|Any CPU.ActiveCfg = Release|Any CPU
		{339C3B7E-DBA8-4818-BCC4-78D73D850190}.Release|Any CPU.Build.0 = Release|Any CPU
		{5BBD026B-A6AD-4C4C-BEFF-5606BFD35E85}.Debug|Any CPU.ActiveCfg = Debug|Any CPU
		{5BBD026B-A6AD-4C4C-BEFF-5606BFD35E85}.Debug|Any CPU.Build.0 = Debug|Any CPU
		{5BBD026B-A6AD-4C4C-BEFF-5606BFD35E85}.Release|Any CPU.ActiveCfg = Release|Any CPU
		{5BBD026B-A6AD-4C4C-BEFF-5606BFD35E85}.Release|Any CPU.Build.0 = Release|Any CPU
		{78D4B44B-9AE1-44D0-ABBB-922CEEE5AFBF}.Debug|Any CPU.ActiveCfg = Debug|Any CPU
		{78D4B44B-9AE1-44D0-ABBB-922CEEE5AFBF}.Debug|Any CPU.Build.0 = Debug|Any CPU
		{78D4B44B-9AE1-44D0-ABBB-922CEEE5AFBF}.Release|Any CPU.ActiveCfg = Release|Any CPU
		{78D4B44B-9AE1-44D0-ABBB-922CEEE5AFBF}.Release|Any CPU.Build.0 = Release|Any CPU
	EndGlobalSection
	GlobalSection(SolutionProperties) = preSolution
		HideSolutionNode = FALSE
	EndGlobalSection
	GlobalSection(NestedProjects) = preSolution
		{7B3E6858-C0DD-4AFC-AF11-DCEDCC3EDD4D} = {1E6CCF02-8AC5-4FFB-8E88-FFD4121A6CD4}
		{3E812965-E668-422A-AF13-23B7288CD03D} = {1E6CCF02-8AC5-4FFB-8E88-FFD4121A6CD4}
		{339C3B7E-DBA8-4818-BCC4-78D73D850190} = {1E6CCF02-8AC5-4FFB-8E88-FFD4121A6CD4}
		{5BBD026B-A6AD-4C4C-BEFF-5606BFD35E85} = {1E6CCF02-8AC5-4FFB-8E88-FFD4121A6CD4}
		{78D4B44B-9AE1-44D0-ABBB-922CEEE5AFBF} = {1E6CCF02-8AC5-4FFB-8E88-FFD4121A6CD4}
	EndGlobalSection
	GlobalSection(ExtensibilityGlobals) = postSolution
		SolutionGuid = {3A035798-578B-4D25-BC6E-9CFD07C4529E}
	EndGlobalSection
EndGlobal
